
Microsoft Visual Studio Solution File, Format Version 12.00
# Visual Studio Version 17
VisualStudioVersion = 17.4.33213.308
MinimumVisualStudioVersion = 10.0.40219.1
Project("{FAE04EC0-301F-11D3-BF4B-00C04F79EFBC}") = "ReversedLottery", "ReversedLottery\ReversedLottery.csproj", "{4809CEB1-4918-48E5-A98E-181CEE3F8B73}"
EndProject
Project("{FAE04EC0-301F-11D3-BF4B-00C04F79EFBC}") = "Mikado", "Mikado\Mikado.csproj", "{1400B5C2-77A5-4327-8859-2C3AC4759B02}"
EndProject
Global
	GlobalSection(SolutionConfigurationPlatforms) = preSolution
		Debug|Any CPU = Debug|Any CPU
		Release|Any CPU = Release|Any CPU
	EndGlobalSection
	GlobalSection(ProjectConfigurationPlatforms) = postSolution
		{4809CEB1-4918-48E5-A98E-181CEE3F8B73}.Debug|Any CPU.ActiveCfg = Debug|Any CPU
		{4809CEB1-4918-48E5-A98E-181CEE3F8B73}.Debug|Any CPU.Build.0 = Debug|Any CPU
		{4809CEB1-4918-48E5-A98E-181CEE3F8B73}.Release|Any CPU.ActiveCfg = Release|Any CPU
		{4809CEB1-4918-48E5-A98E-181CEE3F8B73}.Release|Any CPU.Build.0 = Release|Any CPU
		{1400B5C2-77A5-4327-8859-2C3AC4759B02}.Debug|Any CPU.ActiveCfg = Debug|Any CPU
		{1400B5C2-77A5-4327-8859-2C3AC4759B02}.Debug|Any CPU.Build.0 = Debug|Any CPU
		{1400B5C2-77A5-4327-8859-2C3AC4759B02}.Release|Any CPU.ActiveCfg = Release|Any CPU
		{1400B5C2-77A5-4327-8859-2C3AC4759B02}.Release|Any CPU.Build.0 = Release|Any CPU
	EndGlobalSection
	GlobalSection(SolutionProperties) = preSolution
		HideSolutionNode = FALSE
	EndGlobalSection
	GlobalSection(ExtensibilityGlobals) = postSolution
		SolutionGuid = {5F98284C-B356-4479-8B97-AFDF37F0B01D}
	EndGlobalSection
EndGlobal
